{
  "name": "usefull-website",
  "lockfileVersion": 2,
  "requires": true,
  "packages": {
    "": {
      "dependencies": {
        "highlightjs-line-numbers.js": "^2.8.0"
      }
    },
    "node_modules/highlightjs-line-numbers.js": {
      "version": "2.8.0",
      "resolved": "https://registry.npmjs.org/highlightjs-line-numbers.js/-/highlightjs-line-numbers.js-2.8.0.tgz",
      "integrity": "sha512-TEf1gw0c8mb8nan0QwliqS7obT4cpUd9hzsGzsZLweteNnWea/VIqy5/aQqsa5wnz9lnvmtAkS1ZtDTjB/goYQ=="
    }
  },
  "dependencies": {
    "highlightjs-line-numbers.js": {
      "version": "2.8.0",
      "resolved": "https://registry.npmjs.org/highlightjs-line-numbers.js/-/highlightjs-line-numbers.js-2.8.0.tgz",
      "integrity": "sha512-TEf1gw0c8mb8nan0QwliqS7obT4cpUd9hzsGzsZLweteNnWea/VIqy5/aQqsa5wnz9lnvmtAkS1ZtDTjB/goYQ=="
    }
  }
}
